<?xml version="1.0" encoding="utf-8"?>
<Project ToolsVersion="4.0" xmlns="http://schemas.microsoft.com/developer/msbuild/2003">
  <ItemGroup>
    <ClInclude Include="pch.h" />
    <ClInclude Include="jni_filter.h" />
    <ClInclude Include="utils\log.h">
      <Filter>utils</Filter>
    </ClInclude>
  </ItemGroup>
  <ItemGroup>
    <ClCompile Include="jni_filter.cc" />
  </ItemGroup>
  <ItemGroup>
    <Filter Include="utils">
      <UniqueIdentifier>{7f5617b0-9e1a-4d38-aaa7-e1a36f3d6427}</UniqueIdentifier>
    </Filter>
  </ItemGroup>
</Project>